
Microsoft Visual Studio Solution File, Format Version 12.00
# Visual Studio Version 16
VisualStudioVersion = 16.0.30907.101
MinimumVisualStudioVersion = 10.0.40219.1
Project("{FAE04EC0-301F-11D3-BF4B-00C04F79EFBC}") = "GameDoubler", "GameDoubler\GameDoubler.csproj", "{737F36BA-A0AD-4566-8E46-970785870872}"
EndProject
Project("{FAE04EC0-301F-11D3-BF4B-00C04F79EFBC}") = "GameGuessNumber", "GameGuessNumber\GameGuessNumber.csproj", "{81B8EA77-5AD2-40E9-93B4-103F062480B9}"
EndProject
Global
	GlobalSection(SolutionConfigurationPlatforms) = preSolution
		Debug|Any CPU = Debug|Any CPU
		Release|Any CPU = Release|Any CPU
	EndGlobalSection
	GlobalSection(ProjectConfigurationPlatforms) = postSolution
		{737F36BA-A0AD-4566-8E46-970785870872}.Debug|Any CPU.ActiveCfg = Debug|Any CPU
		{737F36BA-A0AD-4566-8E46-970785870872}.Debug|Any CPU.Build.0 = Debug|Any CPU
		{737F36BA-A0AD-4566-8E46-970785870872}.Release|Any CPU.ActiveCfg = Release|Any CPU
		{737F36BA-A0AD-4566-8E46-970785870872}.Release|Any CPU.Build.0 = Release|Any CPU
		{81B8EA77-5AD2-40E9-93B4-103F062480B9}.Debug|Any CPU.ActiveCfg = Debug|Any CPU
		{81B8EA77-5AD2-40E9-93B4-103F062480B9}.Debug|Any CPU.Build.0 = Debug|Any CPU
		{81B8EA77-5AD2-40E9-93B4-103F062480B9}.Release|Any CPU.ActiveCfg = Release|Any CPU
		{81B8EA77-5AD2-40E9-93B4-103F062480B9}.Release|Any CPU.Build.0 = Release|Any CPU
	EndGlobalSection
	GlobalSection(SolutionProperties) = preSolution
		HideSolutionNode = FALSE
	EndGlobalSection
	GlobalSection(ExtensibilityGlobals) = postSolution
		SolutionGuid = {6D25B89F-1EB3-46DD-9F1E-5CC0D20BF44E}
	EndGlobalSection
EndGlobal
